
Microsoft Visual Studio Solution File, Format Version 12.00
# Visual Studio 15
VisualStudioVersion = 15.0.27703.2047
MinimumVisualStudioVersion = 10.0.40219.1
Project("{FAE04EC0-301F-11D3-BF4B-00C04F79EFBC}") = "SqlConnectionUtility", "SqlConnectionUtility\SqlConnectionUtility.csproj", "{3F9C7FD1-1E1F-4716-ADAD-141B7912902A}"
EndProject
Project("{FAE04EC0-301F-11D3-BF4B-00C04F79EFBC}") = "DataConnectorLib", "DataConnectorLib\DataConnectorLib.csproj", "{D3EE7095-58EE-424A-AF40-E7AAF9174B6A}"
EndProject
Global
	GlobalSection(SolutionConfigurationPlatforms) = preSolution
		Debug|Any CPU = Debug|Any CPU
		Release|Any CPU = Release|Any CPU
	EndGlobalSection
	GlobalSection(ProjectConfigurationPlatforms) = postSolution
		{3F9C7FD1-1E1F-4716-ADAD-141B7912902A}.Debug|Any CPU.ActiveCfg = Debug|Any CPU
		{3F9C7FD1-1E1F-4716-ADAD-141B7912902A}.Debug|Any CPU.Build.0 = Debug|Any CPU
		{3F9C7FD1-1E1F-4716-ADAD-141B7912902A}.Release|Any CPU.ActiveCfg = Release|Any CPU
		{3F9C7FD1-1E1F-4716-ADAD-141B7912902A}.Release|Any CPU.Build.0 = Release|Any CPU
		{D3EE7095-58EE-424A-AF40-E7AAF9174B6A}.Debug|Any CPU.ActiveCfg = Debug|Any CPU
		{D3EE7095-58EE-424A-AF40-E7AAF9174B6A}.Debug|Any CPU.Build.0 = Debug|Any CPU
		{D3EE7095-58EE-424A-AF40-E7AAF9174B6A}.Release|Any CPU.ActiveCfg = Release|Any CPU
		{D3EE7095-58EE-424A-AF40-E7AAF9174B6A}.Release|Any CPU.Build.0 = Release|Any CPU
	EndGlobalSection
	GlobalSection(SolutionProperties) = preSolution
		HideSolutionNode = FALSE
	EndGlobalSection
	GlobalSection(ExtensibilityGlobals) = postSolution
		SolutionGuid = {FF15AD83-9954-4D9D-93F8-9B396C7CAACF}
	EndGlobalSection
EndGlobal
